// !$*UTF8*$!
{
	archiveVersion = 1;
	classes = {
	};
	objectVersion = 56;
	objects = {

/* Begin PBXBuildFile section */
		8414F3842EC57E5C00CD4549 /* PresetTimerStore.swift in Sources */ = {isa = PBXBuildFile; fileRef = 8414F3832EC57E5600CD4549 /* PresetTimerStore.swift */; };
		8414F3862EC57E7D00CD4549 /* PresetTimer.swift in Sources */ = {isa = PBXBuildFile; fileRef = 8414F3852EC57E7A00CD4549 /* PresetTimer.swift */; };
		841933D32CA1FBDC00109E5E /* ExportOptions.plist in Resources */ = {isa = PBXBuildFile; fileRef = 841933D22CA1FBDC00109E5E /* ExportOptions.plist */; };
		841933D52CA2092900109E5E /* appdmg.json in Resources */ = {isa = PBXBuildFile; fileRef = 841933D42CA2091D00109E5E /* appdmg.json */; };
		843ECE822BADBC9200BA5908 /* TimerPolicy.swift in Sources */ = {isa = PBXBuildFile; fileRef = 843ECE812BADBC9200BA5908 /* TimerPolicy.swift */; };
		843ECE842BADCF6300BA5908 /* FormView.swift in Sources */ = {isa = PBXBuildFile; fileRef = 843ECE832BADCF6300BA5908 /* FormView.swift */; };
		843ECE8A2BAE02D300BA5908 /* CountdownView.swift in Sources */ = {isa = PBXBuildFile; fileRef = 843ECE892BAE02D300BA5908 /* CountdownView.swift */; };
		844F92132C5D9C8600A35334 /* timer-finished.mp3 in Resources */ = {isa = PBXBuildFile; fileRef = 844F92122C5D9C8600A35334 /* timer-finished.mp3 */; };
		844F92152C5D9D4C00A35334 /* AudioIndication.swift in Sources */ = {isa = PBXBuildFile; fileRef = 844F92142C5D9D4C00A35334 /* AudioIndication.swift */; };
		844F92172EF09E01002CEF2B /* LoginItemManager.swift in Sources */ = {isa = PBXBuildFile; fileRef = 844F92162EF09E01002CEF2B /* LoginItemManager.swift */; };
		84572B802C3B65A800A2D509 /* CountdownStore.swift in Sources */ = {isa = PBXBuildFile; fileRef = 84572B7F2C3B65A800A2D509 /* CountdownStore.swift */; };
		84572B842C3F02E400A2D509 /* EventPublisher.swift in Sources */ = {isa = PBXBuildFile; fileRef = 84572B832C3F02E400A2D509 /* EventPublisher.swift */; };
		8458A5BD2BEF98ED002C5BEE /* StandardTimerPolicy.swift in Sources */ = {isa = PBXBuildFile; fileRef = 8458A5BC2BEF98ED002C5BEE /* StandardTimerPolicy.swift */; };
		84ABC1242CCD567900DEF891 /* QuickTimerView.swift in Sources */ = {isa = PBXBuildFile; fileRef = 84ABC1232CCD567800DEF890 /* QuickTimerView.swift */; };
		84CAB7A92BA0F8DC002350A9 /* TaskitoApp.swift in Sources */ = {isa = PBXBuildFile; fileRef = 84CAB7A82BA0F8DC002350A9 /* TaskitoApp.swift */; };
		84CAB7AB2BA0F8DC002350A9 /* MenuBarWindowContent.swift in Sources */ = {isa = PBXBuildFile; fileRef = 84CAB7AA2BA0F8DC002350A9 /* MenuBarWindowContent.swift */; };
		84CAB7AD2BA0F8DD002350A9 /* Assets.xcassets in Resources */ = {isa = PBXBuildFile; fileRef = 84CAB7AC2BA0F8DD002350A9 /* Assets.xcassets */; };
		84CAB7B02BA0F8DD002350A9 /* Preview Assets.xcassets in Resources */ = {isa = PBXBuildFile; fileRef = 84CAB7AF2BA0F8DD002350A9 /* Preview Assets.xcassets */; };
		84D389B42EEDF35C002CEF2B /* AppKeyboardShortcutsView.swift in Sources */ = {isa = PBXBuildFile; fileRef = 84D389B32EEDF357002CEF2B /* AppKeyboardShortcutsView.swift */; };
		84D389B62EEF7981002CEF2B /* SystemMenuView.swift in Sources */ = {isa = PBXBuildFile; fileRef = 84D389B52EEF7981002CEF2B /* SystemMenuView.swift */; };
		84D389B82EEF7B3B002CEF2B /* WindowIdentifier.swift in Sources */ = {isa = PBXBuildFile; fileRef = 84D389B72EEF7B3B002CEF2B /* WindowIdentifier.swift */; };
		84D389BA2EEF8144002CEF2B /* SystemActionsStore.swift in Sources */ = {isa = PBXBuildFile; fileRef = 84D389B92EEF8144002CEF2B /* SystemActionsStore.swift */; };
		84D389BC2EEF83DA002CEF2B /* SystemController.swift in Sources */ = {isa = PBXBuildFile; fileRef = 84D389BB2EEF83DA002CEF2B /* SystemController.swift */; };
		84D389BE2EF08A01002CEF2B /* SettingsView.swift in Sources */ = {isa = PBXBuildFile; fileRef = 84D389BD2EF08A01002CEF2B /* SettingsView.swift */; };
		84D389C02EF08A12002CEF2B /* PreferencesWindow.swift in Sources */ = {isa = PBXBuildFile; fileRef = 84D389BF2EF08A12002CEF2B /* PreferencesWindow.swift */; };
		84D389C22EF0B501002CEF2B /* PresetTimersSettingsView.swift in Sources */ = {isa = PBXBuildFile; fileRef = 84D389C12EF0B501002CEF2B /* PresetTimersSettingsView.swift */; };
		84D389C52EFE161B002CEF2B /* KeyboardShortcuts in Frameworks */ = {isa = PBXBuildFile; productRef = 84D389C42EFE161B002CEF2B /* KeyboardShortcuts */; };
		84D97CCB2F004FB5008AEDC6 /* ShortcutRecorderSheet.swift in Sources */ = {isa = PBXBuildFile; fileRef = 84D97CCA2F004FAE008AEDC6 /* ShortcutRecorderSheet.swift */; };
		84D97CCF2F0149F2008AEDC6 /* TimerFormView.swift in Sources */ = {isa = PBXBuildFile; fileRef = 84D97CCE2F0149ED008AEDC6 /* TimerFormView.swift */; };
		84D97CD32F019056008AEDC6 /* AppStorageKeys.swift in Sources */ = {isa = PBXBuildFile; fileRef = 84D97CD22F019053008AEDC6 /* AppStorageKeys.swift */; };
		84D97CD72F01EEEB008AEDC6 /* PresetTimersStoreTests.swift in Sources */ = {isa = PBXBuildFile; fileRef = 84D97CD52F01EEEB008AEDC6 /* PresetTimersStoreTests.swift */; };
		84D97CD82F01EEEB008AEDC6 /* CountdownStoreTests.swift in Sources */ = {isa = PBXBuildFile; fileRef = 84D97CD42F01EEEB008AEDC6 /* CountdownStoreTests.swift */; };
		84D97CD92F01EEEB008AEDC6 /* StandardTimerPolicyTests.swift in Sources */ = {isa = PBXBuildFile; fileRef = 84D97CD62F01EEEB008AEDC6 /* StandardTimerPolicyTests.swift */; };
		84D97CDB2F01F651008AEDC6 /* SettingsStoreTests.swift in Sources */ = {isa = PBXBuildFile; fileRef = 84D97CDA2F01F651008AEDC6 /* SettingsStoreTests.swift */; };
		84D97CDE2F02C2CA008AEDC6 /* PresetTimerTests.swift in Sources */ = {isa = PBXBuildFile; fileRef = 84D97CDD2F02C2CA008AEDC6 /* PresetTimerTests.swift */; };
		84D97CDF2F02C2CA008AEDC6 /* AppStorageKeysTests.swift in Sources */ = {isa = PBXBuildFile; fileRef = 84D97CDC2F02C2CA008AEDC6 /* AppStorageKeysTests.swift */; };
		84D97CE92F02D74A008AEDC6 /* ClockProtocol.swift in Sources */ = {isa = PBXBuildFile; fileRef = 84D97CE82F02D746008AEDC6 /* ClockProtocol.swift */; };
		84D97CED2F02D861008AEDC6 /* PresetTimerIntegrationTests.swift in Sources */ = {isa = PBXBuildFile; fileRef = 84D97CEA2F02D861008AEDC6 /* PresetTimerIntegrationTests.swift */; };
		84D97CEE2F02D861008AEDC6 /* TimerSmokeTests.swift in Sources */ = {isa = PBXBuildFile; fileRef = 84D97CEC2F02D861008AEDC6 /* TimerSmokeTests.swift */; };
		84D97CEF2F02D861008AEDC6 /* TimerLifecycleIntegrationTests.swift in Sources */ = {isa = PBXBuildFile; fileRef = 84D97CEB2F02D861008AEDC6 /* TimerLifecycleIntegrationTests.swift */; };
		84D97CF72F02E08A008AEDC6 /* TestHelpers.swift in Sources */ = {isa = PBXBuildFile; fileRef = 84D97CF62F02E087008AEDC6 /* TestHelpers.swift */; };
		84E67CBC2EEA62FA00772892 /* SettingsStore.swift in Sources */ = {isa = PBXBuildFile; fileRef = 84E67CBB2EEA62F500772892 /* SettingsStore.swift */; };
		84E67CBE2EEA7C2400772892 /* AppKeyboardShortcuts.swift in Sources */ = {isa = PBXBuildFile; fileRef = 84E67CBD2EEA7C1D00772892 /* AppKeyboardShortcuts.swift */; };
		84F1B58D2BDDB8F10000EF8C /* MenuBarLabel.swift in Sources */ = {isa = PBXBuildFile; fileRef = 84F1B58C2BDDB8F10000EF8C /* MenuBarLabel.swift */; };
		84F80F952F03878A001D05DA /* AppIconGlass.icon in Resources */ = {isa = PBXBuildFile; fileRef = 84F80F942F03878A001D05DA /* AppIconGlass.icon */; };
/* End PBXBuildFile section */

/* Begin PBXContainerItemProxy section */
		84CAB7B72BA0F8DE002350A9 /* PBXContainerItemProxy */ = {
			isa = PBXContainerItemProxy;
			containerPortal = 84CAB79D2BA0F8DC002350A9 /* Project object */;
			proxyType = 1;
			remoteGlobalIDString = 84CAB7A42BA0F8DC002350A9;
			remoteInfo = Taskito;
		};
		84CAB7C12BA0F8DE002350A9 /* PBXContainerItemProxy */ = {
			isa = PBXContainerItemProxy;
			containerPortal = 84CAB79D2BA0F8DC002350A9 /* Project object */;
			proxyType = 1;
			remoteGlobalIDString = 84CAB7A42BA0F8DC002350A9;
			remoteInfo = Taskito;
		};
/* End PBXContainerItemProxy section */

/* Begin PBXFileReference section */
		8414F3832EC57E5600CD4549 /* PresetTimerStore.swift */ = {isa = PBXFileReference; lastKnownFileType = sourcecode.swift; path = PresetTimerStore.swift; sourceTree = "<group>"; };
		8414F3852EC57E7A00CD4549 /* PresetTimer.swift */ = {isa = PBXFileReference; lastKnownFileType = sourcecode.swift; path = PresetTimer.swift; sourceTree = "<group>"; };
		841933D22CA1FBDC00109E5E /* ExportOptions.plist */ = {isa = PBXFileReference; lastKnownFileType = text.plist.xml; path = ExportOptions.plist; sourceTree = "<group>"; };
		841933D42CA2091D00109E5E /* appdmg.json */ = {isa = PBXFileReference; lastKnownFileType = text.json; path = appdmg.json; sourceTree = "<group>"; };
		843ECE812BADBC9200BA5908 /* TimerPolicy.swift */ = {isa = PBXFileReference; lastKnownFileType = sourcecode.swift; path = TimerPolicy.swift; sourceTree = "<group>"; };
		843ECE832BADCF6300BA5908 /* FormView.swift */ = {isa = PBXFileReference; lastKnownFileType = sourcecode.swift; path = FormView.swift; sourceTree = "<group>"; };
		843ECE892BAE02D300BA5908 /* CountdownView.swift */ = {isa = PBXFileReference; lastKnownFileType = sourcecode.swift; name = CountdownView.swift; path = Taskito/Timer/CountdownView.swift; sourceTree = SOURCE_ROOT; };
		844F92122C5D9C8600A35334 /* timer-finished.mp3 */ = {isa = PBXFileReference; lastKnownFileType = audio.mp3; path = "timer-finished.mp3"; sourceTree = "<group>"; };
		844F92142C5D9D4C00A35334 /* AudioIndication.swift */ = {isa = PBXFileReference; lastKnownFileType = sourcecode.swift; path = AudioIndication.swift; sourceTree = "<group>"; };
		844F92162EF09E01002CEF2B /* LoginItemManager.swift */ = {isa = PBXFileReference; lastKnownFileType = sourcecode.swift; path = LoginItemManager.swift; sourceTree = "<group>"; };
		84572B7F2C3B65A800A2D509 /* CountdownStore.swift */ = {isa = PBXFileReference; lastKnownFileType = sourcecode.swift; path = CountdownStore.swift; sourceTree = "<group>"; };
		84572B832C3F02E400A2D509 /* EventPublisher.swift */ = {isa = PBXFileReference; lastKnownFileType = sourcecode.swift; path = EventPublisher.swift; sourceTree = "<group>"; };
		8458A5BC2BEF98ED002C5BEE /* StandardTimerPolicy.swift */ = {isa = PBXFileReference; lastKnownFileType = sourcecode.swift; path = StandardTimerPolicy.swift; sourceTree = "<group>"; };
		84ABC1232CCD567800DEF890 /* QuickTimerView.swift */ = {isa = PBXFileReference; lastKnownFileType = sourcecode.swift; path = QuickTimerView.swift; sourceTree = "<group>"; };
		84CAB7A52BA0F8DC002350A9 /* Taskito.app */ = {isa = PBXFileReference; explicitFileType = wrapper.application; includeInIndex = 0; path = Taskito.app; sourceTree = BUILT_PRODUCTS_DIR; };
		84CAB7A82BA0F8DC002350A9 /* TaskitoApp.swift */ = {isa = PBXFileReference; lastKnownFileType = sourcecode.swift; path = TaskitoApp.swift; sourceTree = "<group>"; };
		84CAB7AA2BA0F8DC002350A9 /* MenuBarWindowContent.swift */ = {isa = PBXFileReference; lastKnownFileType = sourcecode.swift; path = MenuBarWindowContent.swift; sourceTree = "<group>"; };
		84CAB7AC2BA0F8DD002350A9 /* Assets.xcassets */ = {isa = PBXFileReference; lastKnownFileType = folder.assetcatalog; path = Assets.xcassets; sourceTree = "<group>"; };
		84CAB7AF2BA0F8DD002350A9 /* Preview Assets.xcassets */ = {isa = PBXFileReference; lastKnownFileType = folder.assetcatalog; path = "Preview Assets.xcassets"; sourceTree = "<group>"; };
		84CAB7B12BA0F8DD002350A9 /* Taskito.entitlements */ = {isa = PBXFileReference; lastKnownFileType = text.plist.entitlements; path = Taskito.entitlements; sourceTree = "<group>"; };
		84CAB7B62BA0F8DE002350A9 /* TaskitoTests.xctest */ = {isa = PBXFileReference; explicitFileType = wrapper.cfbundle; includeInIndex = 0; path = TaskitoTests.xctest; sourceTree = BUILT_PRODUCTS_DIR; };
		84CAB7C02BA0F8DE002350A9 /* TaskitoUITests.xctest */ = {isa = PBXFileReference; explicitFileType = wrapper.cfbundle; includeInIndex = 0; path = TaskitoUITests.xctest; sourceTree = BUILT_PRODUCTS_DIR; };
		84D389B32EEDF357002CEF2B /* AppKeyboardShortcutsView.swift */ = {isa = PBXFileReference; lastKnownFileType = sourcecode.swift; path = AppKeyboardShortcutsView.swift; sourceTree = "<group>"; };
		84D389B52EEF7981002CEF2B /* SystemMenuView.swift */ = {isa = PBXFileReference; lastKnownFileType = sourcecode.swift; path = SystemMenuView.swift; sourceTree = "<group>"; };
		84D389B72EEF7B3B002CEF2B /* WindowIdentifier.swift */ = {isa = PBXFileReference; lastKnownFileType = sourcecode.swift; path = WindowIdentifier.swift; sourceTree = "<group>"; };
		84D389B92EEF8144002CEF2B /* SystemActionsStore.swift */ = {isa = PBXFileReference; lastKnownFileType = sourcecode.swift; path = SystemActionsStore.swift; sourceTree = "<group>"; };
		84D389BB2EEF83DA002CEF2B /* SystemController.swift */ = {isa = PBXFileReference; lastKnownFileType = sourcecode.swift; path = SystemController.swift; sourceTree = "<group>"; };
		84D389BD2EF08A01002CEF2B /* SettingsView.swift */ = {isa = PBXFileReference; lastKnownFileType = sourcecode.swift; path = SettingsView.swift; sourceTree = "<group>"; };
		84D389BF2EF08A12002CEF2B /* PreferencesWindow.swift */ = {isa = PBXFileReference; lastKnownFileType = sourcecode.swift; path = PreferencesWindow.swift; sourceTree = "<group>"; };
		84D389C12EF0B501002CEF2B /* PresetTimersSettingsView.swift */ = {isa = PBXFileReference; lastKnownFileType = sourcecode.swift; path = PresetTimersSettingsView.swift; sourceTree = "<group>"; };
		84D97CCA2F004FAE008AEDC6 /* ShortcutRecorderSheet.swift */ = {isa = PBXFileReference; lastKnownFileType = sourcecode.swift; path = ShortcutRecorderSheet.swift; sourceTree = "<group>"; };
		84D97CCE2F0149ED008AEDC6 /* TimerFormView.swift */ = {isa = PBXFileReference; lastKnownFileType = sourcecode.swift; path = TimerFormView.swift; sourceTree = "<group>"; };
		84D97CD22F019053008AEDC6 /* AppStorageKeys.swift */ = {isa = PBXFileReference; lastKnownFileType = sourcecode.swift; path = AppStorageKeys.swift; sourceTree = "<group>"; };
		84D97CD42F01EEEB008AEDC6 /* CountdownStoreTests.swift */ = {isa = PBXFileReference; lastKnownFileType = sourcecode.swift; path = CountdownStoreTests.swift; sourceTree = "<group>"; };
		84D97CD52F01EEEB008AEDC6 /* PresetTimersStoreTests.swift */ = {isa = PBXFileReference; lastKnownFileType = sourcecode.swift; path = PresetTimersStoreTests.swift; sourceTree = "<group>"; };
		84D97CD62F01EEEB008AEDC6 /* StandardTimerPolicyTests.swift */ = {isa = PBXFileReference; lastKnownFileType = sourcecode.swift; path = StandardTimerPolicyTests.swift; sourceTree = "<group>"; };
		84D97CDA2F01F651008AEDC6 /* SettingsStoreTests.swift */ = {isa = PBXFileReference; lastKnownFileType = sourcecode.swift; path = SettingsStoreTests.swift; sourceTree = "<group>"; };
		84D97CDC2F02C2CA008AEDC6 /* AppStorageKeysTests.swift */ = {isa = PBXFileReference; lastKnownFileType = sourcecode.swift; path = AppStorageKeysTests.swift; sourceTree = "<group>"; };
		84D97CDD2F02C2CA008AEDC6 /* PresetTimerTests.swift */ = {isa = PBXFileReference; lastKnownFileType = sourcecode.swift; path = PresetTimerTests.swift; sourceTree = "<group>"; };
		84D97CE82F02D746008AEDC6 /* ClockProtocol.swift */ = {isa = PBXFileReference; lastKnownFileType = sourcecode.swift; path = ClockProtocol.swift; sourceTree = "<group>"; };
		84D97CEA2F02D861008AEDC6 /* PresetTimerIntegrationTests.swift */ = {isa = PBXFileReference; lastKnownFileType = sourcecode.swift; path = PresetTimerIntegrationTests.swift; sourceTree = "<group>"; };
		84D97CEB2F02D861008AEDC6 /* TimerLifecycleIntegrationTests.swift */ = {isa = PBXFileReference; lastKnownFileType = sourcecode.swift; path = TimerLifecycleIntegrationTests.swift; sourceTree = "<group>"; };
		84D97CEC2F02D861008AEDC6 /* TimerSmokeTests.swift */ = {isa = PBXFileReference; lastKnownFileType = sourcecode.swift; path = TimerSmokeTests.swift; sourceTree = "<group>"; };
		84D97CF62F02E087008AEDC6 /* TestHelpers.swift */ = {isa = PBXFileReference; lastKnownFileType = sourcecode.swift; path = TestHelpers.swift; sourceTree = "<group>"; };
		84D97CF92F02E502008AEDC6 /* Taskito.xctestplan */ = {isa = PBXFileReference; lastKnownFileType = text; path = Taskito.xctestplan; sourceTree = "<group>"; };
		84E67CBB2EEA62F500772892 /* SettingsStore.swift */ = {isa = PBXFileReference; lastKnownFileType = sourcecode.swift; path = SettingsStore.swift; sourceTree = "<group>"; };
		84E67CBD2EEA7C1D00772892 /* AppKeyboardShortcuts.swift */ = {isa = PBXFileReference; lastKnownFileType = sourcecode.swift; path = AppKeyboardShortcuts.swift; sourceTree = "<group>"; };
		84F1B58C2BDDB8F10000EF8C /* MenuBarLabel.swift */ = {isa = PBXFileReference; lastKnownFileType = sourcecode.swift; name = MenuBarLabel.swift; path = Taskito/MenuBarLabel.swift; sourceTree = SOURCE_ROOT; };
		84F80F8B2F03276C001D05DA /* TESTING_GUIDE.md */ = {isa = PBXFileReference; lastKnownFileType = net.daringfireball.markdown; path = TESTING_GUIDE.md; sourceTree = "<group>"; };
		84F80F8C2F03276C001D05DA /* TESTING_RESULTS.md */ = {isa = PBXFileReference; lastKnownFileType = net.daringfireball.markdown; path = TESTING_RESULTS.md; sourceTree = "<group>"; };
		84F80F8F2F032792001D05DA /* README.md */ = {isa = PBXFileReference; lastKnownFileType = net.daringfireball.markdown; path = README.md; sourceTree = "<group>"; };
		84F80F902F032792001D05DA /* TESTING_PLAN.md */ = {isa = PBXFileReference; lastKnownFileType = net.daringfireball.markdown; path = TESTING_PLAN.md; sourceTree = "<group>"; };
		84F80F922F032850001D05DA /* README.md */ = {isa = PBXFileReference; lastKnownFileType = net.daringfireball.markdown; path = README.md; sourceTree = "<group>"; };
		84F80F942F03878A001D05DA /* AppIconGlass.icon */ = {isa = PBXFileReference; lastKnownFileType = folder.iconcomposer.icon; path = AppIconGlass.icon; sourceTree = "<group>"; };
/* End PBXFileReference section */

/* Begin PBXFrameworksBuildPhase section */
		84CAB7A22BA0F8DC002350A9 /* Frameworks */ = {
			isa = PBXFrameworksBuildPhase;
			buildActionMask = 2147483647;
			files = (
				84D389C52EFE161B002CEF2B /* KeyboardShortcuts in Frameworks */,
			);
			runOnlyForDeploymentPostprocessing = 0;
		};
		84CAB7B32BA0F8DE002350A9 /* Frameworks */ = {
			isa = PBXFrameworksBuildPhase;
			buildActionMask = 2147483647;
			files = (
			);
			runOnlyForDeploymentPostprocessing = 0;
		};
		84CAB7BD2BA0F8DE002350A9 /* Frameworks */ = {
			isa = PBXFrameworksBuildPhase;
			buildActionMask = 2147483647;
			files = (
			);
			runOnlyForDeploymentPostprocessing = 0;
		};
/* End PBXFrameworksBuildPhase section */

/* Begin PBXGroup section */
		844F92112C5D9C6D00A35334 /* Sounds */ = {
			isa = PBXGroup;
			children = (
				844F92122C5D9C8600A35334 /* timer-finished.mp3 */,
			);
			path = Sounds;
			sourceTree = "<group>";
		};
		84572B822C3F02CB00A2D509 /* Utilities */ = {
			isa = PBXGroup;
			children = (
				84D97CE82F02D746008AEDC6 /* ClockProtocol.swift */,
				84D97CD22F019053008AEDC6 /* AppStorageKeys.swift */,
				84572B832C3F02E400A2D509 /* EventPublisher.swift */,
				844F92142C5D9D4C00A35334 /* AudioIndication.swift */,
				84D389B72EEF7B3B002CEF2B /* WindowIdentifier.swift */,
			);
			path = Utilities;
			sourceTree = "<group>";
		};
		84CAB79C2BA0F8DC002350A9 = {
			isa = PBXGroup;
			children = (
				84F80F8F2F032792001D05DA /* README.md */,
				84D97CF92F02E502008AEDC6 /* Taskito.xctestplan */,
				841933D42CA2091D00109E5E /* appdmg.json */,
				841933D22CA1FBDC00109E5E /* ExportOptions.plist */,
				84F80F932F032850001D05DA /* TaskitoUITests */,
				844F92112C5D9C6D00A35334 /* Sounds */,
				84CAB7A72BA0F8DC002350A9 /* Taskito */,
				84CAB7B92BA0F8DE002350A9 /* TaskitoTests */,
				84CAB7A62BA0F8DC002350A9 /* Products */,
			);
			sourceTree = "<group>";
		};
		84CAB7A62BA0F8DC002350A9 /* Products */ = {
			isa = PBXGroup;
			children = (
				84CAB7A52BA0F8DC002350A9 /* Taskito.app */,
				84CAB7B62BA0F8DE002350A9 /* TaskitoTests.xctest */,
				84CAB7C02BA0F8DE002350A9 /* TaskitoUITests.xctest */,
			);
			name = Products;
			sourceTree = "<group>";
		};
		84CAB7A72BA0F8DC002350A9 /* Taskito */ = {
			isa = PBXGroup;
			children = (
				84D389C22EFDEE84002CEF2B /* SystemActions */,
				84D389BF2EFDEA1F002CEF2B /* Settings */,
				84D389BE2EFDEA15002CEF2B /* Presets */,
				84D389BD2EFDE9EE002CEF2B /* Timer */,
				84572B822C3F02CB00A2D509 /* Utilities */,
				84CAB7A82BA0F8DC002350A9 /* TaskitoApp.swift */,
				84F1B58C2BDDB8F10000EF8C /* MenuBarLabel.swift */,
				84CAB7AA2BA0F8DC002350A9 /* MenuBarWindowContent.swift */,
				84CAB7AC2BA0F8DD002350A9 /* Assets.xcassets */,
				84F80F942F03878A001D05DA /* AppIconGlass.icon */,
				84CAB7B12BA0F8DD002350A9 /* Taskito.entitlements */,
				84CAB7AE2BA0F8DD002350A9 /* Preview Content */,
			);
			path = Taskito;
			sourceTree = "<group>";
		};
		84CAB7AE2BA0F8DD002350A9 /* Preview Content */ = {
			isa = PBXGroup;
			children = (
				84CAB7AF2BA0F8DD002350A9 /* Preview Assets.xcassets */,
			);
			path = "Preview Content";
			sourceTree = "<group>";
		};
		84CAB7B92BA0F8DE002350A9 /* TaskitoTests */ = {
			isa = PBXGroup;
			children = (
				84F80F8B2F03276C001D05DA /* TESTING_GUIDE.md */,
				84F80F8C2F03276C001D05DA /* TESTING_RESULTS.md */,
				84F80F902F032792001D05DA /* TESTING_PLAN.md */,
				84D97CF82F02E0CC008AEDC6 /* Helpers */,
				84D97CEA2F02D861008AEDC6 /* PresetTimerIntegrationTests.swift */,
				84D97CEB2F02D861008AEDC6 /* TimerLifecycleIntegrationTests.swift */,
				84D97CEC2F02D861008AEDC6 /* TimerSmokeTests.swift */,
				84D97CDC2F02C2CA008AEDC6 /* AppStorageKeysTests.swift */,
				84D97CDD2F02C2CA008AEDC6 /* PresetTimerTests.swift */,
				84D97CDA2F01F651008AEDC6 /* SettingsStoreTests.swift */,
				84D97CD42F01EEEB008AEDC6 /* CountdownStoreTests.swift */,
				84D97CD52F01EEEB008AEDC6 /* PresetTimersStoreTests.swift */,
				84D97CD62F01EEEB008AEDC6 /* StandardTimerPolicyTests.swift */,
			);
			path = TaskitoTests;
			sourceTree = "<group>";
		};
		84D389BD2EFDE9EE002CEF2B /* Timer */ = {
			isa = PBXGroup;
			children = (
				84D97CCE2F0149ED008AEDC6 /* TimerFormView.swift */,
				84572B7F2C3B65A800A2D509 /* CountdownStore.swift */,
				843ECE892BAE02D300BA5908 /* CountdownView.swift */,
				843ECE832BADCF6300BA5908 /* FormView.swift */,
				84ABC1232CCD567800DEF890 /* QuickTimerView.swift */,
				843ECE812BADBC9200BA5908 /* TimerPolicy.swift */,
				8458A5BC2BEF98ED002C5BEE /* StandardTimerPolicy.swift */,
			);
			path = Timer;
			sourceTree = "<group>";
		};
		84D389BE2EFDEA15002CEF2B /* Presets */ = {
			isa = PBXGroup;
			children = (
				8414F3852EC57E7A00CD4549 /* PresetTimer.swift */,
				8414F3832EC57E5600CD4549 /* PresetTimerStore.swift */,
				84D389C12EF0B501002CEF2B /* PresetTimersSettingsView.swift */,
			);
			path = Presets;
			sourceTree = "<group>";
		};
		84D389BF2EFDEA1F002CEF2B /* Settings */ = {
			isa = PBXGroup;
			children = (
				84D97CCA2F004FAE008AEDC6 /* ShortcutRecorderSheet.swift */,
				84E67CBB2EEA62F500772892 /* SettingsStore.swift */,
				844F92162EF09E01002CEF2B /* LoginItemManager.swift */,
				84D389BD2EF08A01002CEF2B /* SettingsView.swift */,
				84D389BF2EF08A12002CEF2B /* PreferencesWindow.swift */,
				84E67CBD2EEA7C1D00772892 /* AppKeyboardShortcuts.swift */,
				84D389B32EEDF357002CEF2B /* AppKeyboardShortcutsView.swift */,
			);
			path = Settings;
			sourceTree = "<group>";
		};
		84D389C22EFDEE84002CEF2B /* SystemActions */ = {
			isa = PBXGroup;
			children = (
				84D389B92EEF8144002CEF2B /* SystemActionsStore.swift */,
				84D389BB2EEF83DA002CEF2B /* SystemController.swift */,
				84D389B52EEF7981002CEF2B /* SystemMenuView.swift */,
			);
			path = SystemActions;
			sourceTree = "<group>";
		};
		84D97CF82F02E0CC008AEDC6 /* Helpers */ = {
			isa = PBXGroup;
			children = (
				84D97CF62F02E087008AEDC6 /* TestHelpers.swift */,
			);
			path = Helpers;
			sourceTree = "<group>";
		};
		84F80F932F032850001D05DA /* TaskitoUITests */ = {
			isa = PBXGroup;
			children = (
				84F80F922F032850001D05DA /* README.md */,
			);
			path = TaskitoUITests;
			sourceTree = "<group>";
		};
/* End PBXGroup section */

/* Begin PBXNativeTarget section */
		84CAB7A42BA0F8DC002350A9 /* Taskito */ = {
			isa = PBXNativeTarget;
			buildConfigurationList = 84CAB7CA2BA0F8DE002350A9 /* Build configuration list for PBXNativeTarget "Taskito" */;
			buildPhases = (
				84CAB7A12BA0F8DC002350A9 /* Sources */,
				84CAB7A22BA0F8DC002350A9 /* Frameworks */,
				84CAB7A32BA0F8DC002350A9 /* Resources */,
			);
			buildRules = (
			);
			dependencies = (
			);
			name = Taskito;
			productName = Taskito;
			productReference = 84CAB7A52BA0F8DC002350A9 /* Taskito.app */;
			productType = "com.apple.product-type.application";
		};
		84CAB7B52BA0F8DE002350A9 /* TaskitoTests */ = {
			isa = PBXNativeTarget;
			buildConfigurationList = 84CAB7CD2BA0F8DE002350A9 /* Build configuration list for PBXNativeTarget "TaskitoTests" */;
			buildPhases = (
				84CAB7B22BA0F8DE002350A9 /* Sources */,
				84CAB7B32BA0F8DE002350A9 /* Frameworks */,
				84CAB7B42BA0F8DE002350A9 /* Resources */,
			);
			buildRules = (
			);
			dependencies = (
				84CAB7B82BA0F8DE002350A9 /* PBXTargetDependency */,
			);
			name = TaskitoTests;
			productName = TaskitoTests;
			productReference = 84CAB7B62BA0F8DE002350A9 /* TaskitoTests.xctest */;
			productType = "com.apple.product-type.bundle.unit-test";
		};
		84CAB7BF2BA0F8DE002350A9 /* TaskitoUITests */ = {
			isa = PBXNativeTarget;
			buildConfigurationList = 84CAB7D02BA0F8DE002350A9 /* Build configuration list for PBXNativeTarget "TaskitoUITests" */;
			buildPhases = (
				84CAB7BC2BA0F8DE002350A9 /* Sources */,
				84CAB7BD2BA0F8DE002350A9 /* Frameworks */,
				84CAB7BE2BA0F8DE002350A9 /* Resources */,
			);
			buildRules = (
			);
			dependencies = (
				84CAB7C22BA0F8DE002350A9 /* PBXTargetDependency */,
			);
			name = TaskitoUITests;
			productName = TaskitoUITests;
			productReference = 84CAB7C02BA0F8DE002350A9 /* TaskitoUITests.xctest */;
			productType = "com.apple.product-type.bundle.ui-testing";
		};
/* End PBXNativeTarget section */

/* Begin PBXProject section */
		84CAB79D2BA0F8DC002350A9 /* Project object */ = {
			isa = PBXProject;
			attributes = {
				BuildIndependentTargetsInParallel = 1;
				LastSwiftUpdateCheck = 1530;
				LastUpgradeCheck = 1530;
				TargetAttributes = {
					84CAB7A42BA0F8DC002350A9 = {
						CreatedOnToolsVersion = 15.3;
					};
					84CAB7B52BA0F8DE002350A9 = {
						CreatedOnToolsVersion = 15.3;
						TestTargetID = 84CAB7A42BA0F8DC002350A9;
					};
					84CAB7BF2BA0F8DE002350A9 = {
						CreatedOnToolsVersion = 15.3;
						TestTargetID = 84CAB7A42BA0F8DC002350A9;
					};
				};
			};
			buildConfigurationList = 84CAB7A02BA0F8DC002350A9 /* Build configuration list for PBXProject "Taskito" */;
			compatibilityVersion = "Xcode 14.0";
			developmentRegion = en;
			hasScannedForEncodings = 0;
			knownRegions = (
				en,
				Base,
			);
			mainGroup = 84CAB79C2BA0F8DC002350A9;
			packageReferences = (
				84D389C32EFE161B002CEF2B /* XCRemoteSwiftPackageReference "KeyboardShortcuts" */,
			);
			productRefGroup = 84CAB7A62BA0F8DC002350A9 /* Products */;
			projectDirPath = "";
			projectRoot = "";
			targets = (
				84CAB7A42BA0F8DC002350A9 /* Taskito */,
				84CAB7B52BA0F8DE002350A9 /* TaskitoTests */,
				84CAB7BF2BA0F8DE002350A9 /* TaskitoUITests */,
			);
		};
/* End PBXProject section */

/* Begin PBXResourcesBuildPhase section */
		84CAB7A32BA0F8DC002350A9 /* Resources */ = {
			isa = PBXResourcesBuildPhase;
			buildActionMask = 2147483647;
			files = (
				844F92132C5D9C8600A35334 /* timer-finished.mp3 in Resources */,
				84F80F952F03878A001D05DA /* AppIconGlass.icon in Resources */,
				84CAB7B02BA0F8DD002350A9 /* Preview Assets.xcassets in Resources */,
				84CAB7AD2BA0F8DD002350A9 /* Assets.xcassets in Resources */,
				841933D32CA1FBDC00109E5E /* ExportOptions.plist in Resources */,
				841933D52CA2092900109E5E /* appdmg.json in Resources */,
			);
			runOnlyForDeploymentPostprocessing = 0;
		};
		84CAB7B42BA0F8DE002350A9 /* Resources */ = {
			isa = PBXResourcesBuildPhase;
			buildActionMask = 2147483647;
			files = (
			);
			runOnlyForDeploymentPostprocessing = 0;
		};
		84CAB7BE2BA0F8DE002350A9 /* Resources */ = {
			isa = PBXResourcesBuildPhase;
			buildActionMask = 2147483647;
			files = (
			);
			runOnlyForDeploymentPostprocessing = 0;
		};
/* End PBXResourcesBuildPhase section */

/* Begin PBXSourcesBuildPhase section */
		84CAB7A12BA0F8DC002350A9 /* Sources */ = {
			isa = PBXSourcesBuildPhase;
			buildActionMask = 2147483647;
			files = (
				84D97CE92F02D74A008AEDC6 /* ClockProtocol.swift in Sources */,
				8414F3862EC57E7D00CD4549 /* PresetTimer.swift in Sources */,
				84D97CCF2F0149F2008AEDC6 /* TimerFormView.swift in Sources */,
				843ECE8A2BAE02D300BA5908 /* CountdownView.swift in Sources */,
				84D389BA2EEF8144002CEF2B /* SystemActionsStore.swift in Sources */,
				84CAB7AB2BA0F8DC002350A9 /* MenuBarWindowContent.swift in Sources */,
				84E67CBC2EEA62FA00772892 /* SettingsStore.swift in Sources */,
				84D389B62EEF7981002CEF2B /* SystemMenuView.swift in Sources */,
				843ECE842BADCF6300BA5908 /* FormView.swift in Sources */,
				84ABC1242CCD567900DEF891 /* QuickTimerView.swift in Sources */,
				8414F3842EC57E5C00CD4549 /* PresetTimerStore.swift in Sources */,
				843ECE822BADBC9200BA5908 /* TimerPolicy.swift in Sources */,
				844F92152C5D9D4C00A35334 /* AudioIndication.swift in Sources */,
				844F92172EF09E01002CEF2B /* LoginItemManager.swift in Sources */,
				84E67CBE2EEA7C2400772892 /* AppKeyboardShortcuts.swift in Sources */,
				84CAB7A92BA0F8DC002350A9 /* TaskitoApp.swift in Sources */,
				84572B802C3B65A800A2D509 /* CountdownStore.swift in Sources */,
				84D389B82EEF7B3B002CEF2B /* WindowIdentifier.swift in Sources */,
				84D97CCB2F004FB5008AEDC6 /* ShortcutRecorderSheet.swift in Sources */,
				84D389BC2EEF83DA002CEF2B /* SystemController.swift in Sources */,
				84F1B58D2BDDB8F10000EF8C /* MenuBarLabel.swift in Sources */,
				84D97CD32F019056008AEDC6 /* AppStorageKeys.swift in Sources */,
				8458A5BD2BEF98ED002C5BEE /* StandardTimerPolicy.swift in Sources */,
				84572B842C3F02E400A2D509 /* EventPublisher.swift in Sources */,
				84D389B42EEDF35C002CEF2B /* AppKeyboardShortcutsView.swift in Sources */,
				84D389BE2EF08A01002CEF2B /* SettingsView.swift in Sources */,
				84D389C02EF08A12002CEF2B /* PreferencesWindow.swift in Sources */,
				84D389C22EF0B501002CEF2B /* PresetTimersSettingsView.swift in Sources */,
			);
			runOnlyForDeploymentPostprocessing = 0;
		};
		84CAB7B22BA0F8DE002350A9 /* Sources */ = {
			isa = PBXSourcesBuildPhase;
			buildActionMask = 2147483647;
			files = (
				84D97CDB2F01F651008AEDC6 /* SettingsStoreTests.swift in Sources */,
				84D97CD72F01EEEB008AEDC6 /* PresetTimersStoreTests.swift in Sources */,
				84D97CD82F01EEEB008AEDC6 /* CountdownStoreTests.swift in Sources */,
				84D97CD92F01EEEB008AEDC6 /* StandardTimerPolicyTests.swift in Sources */,
				84D97CDE2F02C2CA008AEDC6 /* PresetTimerTests.swift in Sources */,
				84D97CF72F02E08A008AEDC6 /* TestHelpers.swift in Sources */,
				84D97CDF2F02C2CA008AEDC6 /* AppStorageKeysTests.swift in Sources */,
				84D97CED2F02D861008AEDC6 /* PresetTimerIntegrationTests.swift in Sources */,
				84D97CEE2F02D861008AEDC6 /* TimerSmokeTests.swift in Sources */,
				84D97CEF2F02D861008AEDC6 /* TimerLifecycleIntegrationTests.swift in Sources */,
			);
			runOnlyForDeploymentPostprocessing = 0;
		};
		84CAB7BC2BA0F8DE002350A9 /* Sources */ = {
			isa = PBXSourcesBuildPhase;
			buildActionMask = 2147483647;
			files = (
			);
			runOnlyForDeploymentPostprocessing = 0;
		};
/* End PBXSourcesBuildPhase section */

/* Begin PBXTargetDependency section */
		84CAB7B82BA0F8DE002350A9 /* PBXTargetDependency */ = {
			isa = PBXTargetDependency;
			target = 84CAB7A42BA0F8DC002350A9 /* Taskito */;
			targetProxy = 84CAB7B72BA0F8DE002350A9 /* PBXContainerItemProxy */;
		};
		84CAB7C22BA0F8DE002350A9 /* PBXTargetDependency */ = {
			isa = PBXTargetDependency;
			target = 84CAB7A42BA0F8DC002350A9 /* Taskito */;
			targetProxy = 84CAB7C12BA0F8DE002350A9 /* PBXContainerItemProxy */;
		};
/* End PBXTargetDependency section */

/* Begin XCBuildConfiguration section */
		84CAB7C82BA0F8DE002350A9 /* Debug */ = {
			isa = XCBuildConfiguration;
			buildSettings = {
				ALWAYS_SEARCH_USER_PATHS = NO;
				ASSETCATALOG_COMPILER_GENERATE_SWIFT_ASSET_SYMBOL_EXTENSIONS = YES;
				CLANG_ANALYZER_NONNULL = YES;
				CLANG_ANALYZER_NUMBER_OBJECT_CONVERSION = YES_AGGRESSIVE;
				CLANG_CXX_LANGUAGE_STANDARD = "gnu++20";
				CLANG_ENABLE_MODULES = YES;
				CLANG_ENABLE_OBJC_ARC = YES;
				CLANG_ENABLE_OBJC_WEAK = YES;
				CLANG_WARN_BLOCK_CAPTURE_AUTORELEASING = YES;
				CLANG_WARN_BOOL_CONVERSION = YES;
				CLANG_WARN_COMMA = YES;
				CLANG_WARN_CONSTANT_CONVERSION = YES;
				CLANG_WARN_DEPRECATED_OBJC_IMPLEMENTATIONS = YES;
				CLANG_WARN_DIRECT_OBJC_ISA_USAGE = YES_ERROR;
				CLANG_WARN_DOCUMENTATION_COMMENTS = YES;
				CLANG_WARN_EMPTY_BODY = YES;
				CLANG_WARN_ENUM_CONVERSION = YES;
				CLANG_WARN_INFINITE_RECURSION = YES;
				CLANG_WARN_INT_CONVERSION = YES;
				CLANG_WARN_NON_LITERAL_NULL_CONVERSION = YES;
				CLANG_WARN_OBJC_IMPLICIT_RETAIN_SELF = YES;
				CLANG_WARN_OBJC_LITERAL_CONVERSION = YES;
				CLANG_WARN_OBJC_ROOT_CLASS = YES_ERROR;
				CLANG_WARN_QUOTED_INCLUDE_IN_FRAMEWORK_HEADER = YES;
				CLANG_WARN_RANGE_LOOP_ANALYSIS = YES;
				CLANG_WARN_STRICT_PROTOTYPES = YES;
				CLANG_WARN_SUSPICIOUS_MOVE = YES;
				CLANG_WARN_UNGUARDED_AVAILABILITY = YES_AGGRESSIVE;
				CLANG_WARN_UNREACHABLE_CODE = YES;
				CLANG_WARN__DUPLICATE_METHOD_MATCH = YES;
				COPY_PHASE_STRIP = NO;
				DEBUG_INFORMATION_FORMAT = dwarf;
				ENABLE_STRICT_OBJC_MSGSEND = YES;
				ENABLE_TESTABILITY = YES;
				ENABLE_USER_SCRIPT_SANDBOXING = YES;
				GCC_C_LANGUAGE_STANDARD = gnu17;
				GCC_DYNAMIC_NO_PIC = NO;
				GCC_NO_COMMON_BLOCKS = YES;
				GCC_OPTIMIZATION_LEVEL = 0;
				GCC_PREPROCESSOR_DEFINITIONS = (
					"DEBUG=1",
					"$(inherited)",
				);
				GCC_WARN_64_TO_32_BIT_CONVERSION = YES;
				GCC_WARN_ABOUT_RETURN_TYPE = YES_ERROR;
				GCC_WARN_UNDECLARED_SELECTOR = YES;
				GCC_WARN_UNINITIALIZED_AUTOS = YES_AGGRESSIVE;
				GCC_WARN_UNUSED_FUNCTION = YES;
				GCC_WARN_UNUSED_VARIABLE = YES;
				LOCALIZATION_PREFERS_STRING_CATALOGS = YES;
				MACOSX_DEPLOYMENT_TARGET = 14.2;
				MTL_ENABLE_DEBUG_INFO = INCLUDE_SOURCE;
				MTL_FAST_MATH = YES;
				ONLY_ACTIVE_ARCH = YES;
				SDKROOT = macosx;
				SWIFT_ACTIVE_COMPILATION_CONDITIONS = "DEBUG $(inherited)";
				SWIFT_OPTIMIZATION_LEVEL = "-Onone";
			};
			name = Debug;
		};
		84CAB7C92BA0F8DE002350A9 /* Release */ = {
			isa = XCBuildConfiguration;
			buildSettings = {
				ALWAYS_SEARCH_USER_PATHS = NO;
				ASSETCATALOG_COMPILER_GENERATE_SWIFT_ASSET_SYMBOL_EXTENSIONS = YES;
				CLANG_ANALYZER_NONNULL = YES;
				CLANG_ANALYZER_NUMBER_OBJECT_CONVERSION = YES_AGGRESSIVE;
				CLANG_CXX_LANGUAGE_STANDARD = "gnu++20";
				CLANG_ENABLE_MODULES = YES;
				CLANG_ENABLE_OBJC_ARC = YES;
				CLANG_ENABLE_OBJC_WEAK = YES;
				CLANG_WARN_BLOCK_CAPTURE_AUTORELEASING = YES;
				CLANG_WARN_BOOL_CONVERSION = YES;
				CLANG_WARN_COMMA = YES;
				CLANG_WARN_CONSTANT_CONVERSION = YES;
				CLANG_WARN_DEPRECATED_OBJC_IMPLEMENTATIONS = YES;
				CLANG_WARN_DIRECT_OBJC_ISA_USAGE = YES_ERROR;
				CLANG_WARN_DOCUMENTATION_COMMENTS = YES;
				CLANG_WARN_EMPTY_BODY = YES;
				CLANG_WARN_ENUM_CONVERSION = YES;
				CLANG_WARN_INFINITE_RECURSION = YES;
				CLANG_WARN_INT_CONVERSION = YES;
				CLANG_WARN_NON_LITERAL_NULL_CONVERSION = YES;
				CLANG_WARN_OBJC_IMPLICIT_RETAIN_SELF = YES;
				CLANG_WARN_OBJC_LITERAL_CONVERSION = YES;
				CLANG_WARN_OBJC_ROOT_CLASS = YES_ERROR;
				CLANG_WARN_QUOTED_INCLUDE_IN_FRAMEWORK_HEADER = YES;
				CLANG_WARN_RANGE_LOOP_ANALYSIS = YES;
				CLANG_WARN_STRICT_PROTOTYPES = YES;
				CLANG_WARN_SUSPICIOUS_MOVE = YES;
				CLANG_WARN_UNGUARDED_AVAILABILITY = YES_AGGRESSIVE;
				CLANG_WARN_UNREACHABLE_CODE = YES;
				CLANG_WARN__DUPLICATE_METHOD_MATCH = YES;
				COPY_PHASE_STRIP = NO;
				DEBUG_INFORMATION_FORMAT = "dwarf-with-dsym";
				ENABLE_NS_ASSERTIONS = NO;
				ENABLE_STRICT_OBJC_MSGSEND = YES;
				ENABLE_USER_SCRIPT_SANDBOXING = YES;
				GCC_C_LANGUAGE_STANDARD = gnu17;
				GCC_NO_COMMON_BLOCKS = YES;
				GCC_WARN_64_TO_32_BIT_CONVERSION = YES;
				GCC_WARN_ABOUT_RETURN_TYPE = YES_ERROR;
				GCC_WARN_UNDECLARED_SELECTOR = YES;
				GCC_WARN_UNINITIALIZED_AUTOS = YES_AGGRESSIVE;
				GCC_WARN_UNUSED_FUNCTION = YES;
				GCC_WARN_UNUSED_VARIABLE = YES;
				LOCALIZATION_PREFERS_STRING_CATALOGS = YES;
				MACOSX_DEPLOYMENT_TARGET = 14.2;
				MTL_ENABLE_DEBUG_INFO = NO;
				MTL_FAST_MATH = YES;
				SDKROOT = macosx;
				SWIFT_COMPILATION_MODE = wholemodule;
			};
			name = Release;
		};
		84CAB7CB2BA0F8DE002350A9 /* Debug */ = {
			isa = XCBuildConfiguration;
			buildSettings = {
				ASSETCATALOG_COMPILER_APPICON_NAME = AppIcon;
				ASSETCATALOG_COMPILER_GLOBAL_ACCENT_COLOR_NAME = AccentColor;
				CODE_SIGN_ENTITLEMENTS = Taskito/Taskito.entitlements;
				"CODE_SIGN_IDENTITY[sdk=macosx*]" = "-";
				CODE_SIGN_STYLE = Manual;
				COMBINE_HIDPI_IMAGES = YES;
				CURRENT_PROJECT_VERSION = 1;
				DEVELOPMENT_ASSET_PATHS = "\"Taskito/Preview Content\"";
				DEVELOPMENT_TEAM = "";
				ENABLE_PREVIEWS = YES;
				GENERATE_INFOPLIST_FILE = YES;
				INFOPLIST_KEY_CFBundleDisplayName = Taskito;
				INFOPLIST_KEY_LSApplicationCategoryType = "public.app-category.productivity";
				INFOPLIST_KEY_LSUIElement = YES;
				INFOPLIST_KEY_NSHumanReadableCopyright = "";
				LD_RUNPATH_SEARCH_PATHS = (
					"$(inherited)",
					"@executable_path/../Frameworks",
				);
				MARKETING_VERSION = 1.0;
				PRODUCT_BUNDLE_IDENTIFIER = dev.libekonst.Taskito;
				PRODUCT_NAME = "$(TARGET_NAME)";
				PROVISIONING_PROFILE_SPECIFIER = "";
				SWIFT_EMIT_LOC_STRINGS = YES;
				SWIFT_VERSION = 5.0;
			};
			name = Debug;
		};
		84CAB7CC2BA0F8DE002350A9 /* Release */ = {
			isa = XCBuildConfiguration;
			buildSettings = {
				ASSETCATALOG_COMPILER_APPICON_NAME = AppIcon;
				ASSETCATALOG_COMPILER_GLOBAL_ACCENT_COLOR_NAME = AccentColor;
				CODE_SIGN_ENTITLEMENTS = Taskito/Taskito.entitlements;
				"CODE_SIGN_IDENTITY[sdk=macosx*]" = "-";
				CODE_SIGN_STYLE = Manual;
				COMBINE_HIDPI_IMAGES = YES;
				CURRENT_PROJECT_VERSION = 1;
				DEVELOPMENT_ASSET_PATHS = "\"Taskito/Preview Content\"";
				DEVELOPMENT_TEAM = "";
				ENABLE_PREVIEWS = YES;
				GENERATE_INFOPLIST_FILE = YES;
				INFOPLIST_KEY_CFBundleDisplayName = Taskito;
				INFOPLIST_KEY_LSApplicationCategoryType = "public.app-category.productivity";
				INFOPLIST_KEY_LSUIElement = YES;
				INFOPLIST_KEY_NSHumanReadableCopyright = "";
				LD_RUNPATH_SEARCH_PATHS = (
					"$(inherited)",
					"@executable_path/../Frameworks",
				);
				MARKETING_VERSION = 1.0;
				PRODUCT_BUNDLE_IDENTIFIER = dev.libekonst.Taskito;
				PRODUCT_NAME = "$(TARGET_NAME)";
				PROVISIONING_PROFILE_SPECIFIER = "";
				SWIFT_EMIT_LOC_STRINGS = YES;
				SWIFT_VERSION = 5.0;
			};
			name = Release;
		};
		84CAB7CE2BA0F8DE002350A9 /* Debug */ = {
			isa = XCBuildConfiguration;
			buildSettings = {
				BUNDLE_LOADER = "$(TEST_HOST)";
				CODE_SIGN_STYLE = Automatic;
				CURRENT_PROJECT_VERSION = 1;
				GENERATE_INFOPLIST_FILE = YES;
				MACOSX_DEPLOYMENT_TARGET = 14.2;
				MARKETING_VERSION = 1.0;
				PRODUCT_BUNDLE_IDENTIFIER = dev.libekonst.TaskitoTests;
				PRODUCT_NAME = "$(TARGET_NAME)";
				SWIFT_EMIT_LOC_STRINGS = NO;
				SWIFT_VERSION = 5.0;
				TEST_HOST = "$(BUILT_PRODUCTS_DIR)/Taskito.app/$(BUNDLE_EXECUTABLE_FOLDER_PATH)/Taskito";
			};
			name = Debug;
		};
		84CAB7CF2BA0F8DE002350A9 /* Release */ = {
			isa = XCBuildConfiguration;
			buildSettings = {
				BUNDLE_LOADER = "$(TEST_HOST)";
				CODE_SIGN_STYLE = Automatic;
				CURRENT_PROJECT_VERSION = 1;
				GENERATE_INFOPLIST_FILE = YES;
				MACOSX_DEPLOYMENT_TARGET = 14.2;
				MARKETING_VERSION = 1.0;
				PRODUCT_BUNDLE_IDENTIFIER = dev.libekonst.TaskitoTests;
				PRODUCT_NAME = "$(TARGET_NAME)";
				SWIFT_EMIT_LOC_STRINGS = NO;
				SWIFT_VERSION = 5.0;
				TEST_HOST = "$(BUILT_PRODUCTS_DIR)/Taskito.app/$(BUNDLE_EXECUTABLE_FOLDER_PATH)/Taskito";
			};
			name = Release;
		};
		84CAB7D12BA0F8DE002350A9 /* Debug */ = {
			isa = XCBuildConfiguration;
			buildSettings = {
				CODE_SIGN_STYLE = Automatic;
				CURRENT_PROJECT_VERSION = 1;
				GENERATE_INFOPLIST_FILE = YES;
				MARKETING_VERSION = 1.0;
				PRODUCT_BUNDLE_IDENTIFIER = dev.libekonst.TaskitoUITests;
				PRODUCT_NAME = "$(TARGET_NAME)";
				SWIFT_EMIT_LOC_STRINGS = NO;
				SWIFT_VERSION = 5.0;
				TEST_TARGET_NAME = Taskito;
			};
			name = Debug;
		};
		84CAB7D22BA0F8DE002350A9 /* Release */ = {
			isa = XCBuildConfiguration;
			buildSettings = {
				CODE_SIGN_STYLE = Automatic;
				CURRENT_PROJECT_VERSION = 1;
				GENERATE_INFOPLIST_FILE = YES;
				MARKETING_VERSION = 1.0;
				PRODUCT_BUNDLE_IDENTIFIER = dev.libekonst.TaskitoUITests;
				PRODUCT_NAME = "$(TARGET_NAME)";
				SWIFT_EMIT_LOC_STRINGS = NO;
				SWIFT_VERSION = 5.0;
				TEST_TARGET_NAME = Taskito;
			};
			name = Release;
		};
/* End XCBuildConfiguration section */

/* Begin XCConfigurationList section */
		84CAB7A02BA0F8DC002350A9 /* Build configuration list for PBXProject "Taskito" */ = {
			isa = XCConfigurationList;
			buildConfigurations = (
				84CAB7C82BA0F8DE002350A9 /* Debug */,
				84CAB7C92BA0F8DE002350A9 /* Release */,
			);
			defaultConfigurationIsVisible = 0;
			defaultConfigurationName = Release;
		};
		84CAB7CA2BA0F8DE002350A9 /* Build configuration list for PBXNativeTarget "Taskito" */ = {
			isa = XCConfigurationList;
			buildConfigurations = (
				84CAB7CB2BA0F8DE002350A9 /* Debug */,
				84CAB7CC2BA0F8DE002350A9 /* Release */,
			);
			defaultConfigurationIsVisible = 0;
			defaultConfigurationName = Release;
		};
		84CAB7CD2BA0F8DE002350A9 /* Build configuration list for PBXNativeTarget "TaskitoTests" */ = {
			isa = XCConfigurationList;
			buildConfigurations = (
				84CAB7CE2BA0F8DE002350A9 /* Debug */,
				84CAB7CF2BA0F8DE002350A9 /* Release */,
			);
			defaultConfigurationIsVisible = 0;
			defaultConfigurationName = Release;
		};
		84CAB7D02BA0F8DE002350A9 /* Build configuration list for PBXNativeTarget "TaskitoUITests" */ = {
			isa = XCConfigurationList;
			buildConfigurations = (
				84CAB7D12BA0F8DE002350A9 /* Debug */,
				84CAB7D22BA0F8DE002350A9 /* Release */,
			);
			defaultConfigurationIsVisible = 0;
			defaultConfigurationName = Release;
		};
/* End XCConfigurationList section */

/* Begin XCRemoteSwiftPackageReference section */
		84D389C32EFE161B002CEF2B /* XCRemoteSwiftPackageReference "KeyboardShortcuts" */ = {
			isa = XCRemoteSwiftPackageReference;
			repositoryURL = "https://github.com/sindresorhus/KeyboardShortcuts";
			requirement = {
				kind = upToNextMinorVersion;
				minimumVersion = 2.3.0;
			};
		};
/* End XCRemoteSwiftPackageReference section */

/* Begin XCSwiftPackageProductDependency section */
		84D389C42EFE161B002CEF2B /* KeyboardShortcuts */ = {
			isa = XCSwiftPackageProductDependency;
			package = 84D389C32EFE161B002CEF2B /* XCRemoteSwiftPackageReference "KeyboardShortcuts" */;
			productName = KeyboardShortcuts;
		};
/* End XCSwiftPackageProductDependency section */
	};
	rootObject = 84CAB79D2BA0F8DC002350A9 /* Project object */;
}
