// !$*UTF8*$!
{
	archiveVersion = 1;
	classes = {
	};
	objectVersion = 56;
	objects = {

/* Begin PBXBuildFile section */
		843ECE822BADBC9200BA5908 /* TimerPolicy.swift in Sources */ = {isa = PBXBuildFile; fileRef = 843ECE812BADBC9200BA5908 /* TimerPolicy.swift */; };
		843ECE842BADCF6300BA5908 /* FormView.swift in Sources */ = {isa = PBXBuildFile; fileRef = 843ECE832BADCF6300BA5908 /* FormView.swift */; };
		843ECE862BADCFED00BA5908 /* Countdown.swift in Sources */ = {isa = PBXBuildFile; fileRef = 843ECE852BADCFED00BA5908 /* Countdown.swift */; };
		843ECE8A2BAE02D300BA5908 /* CountdownView.swift in Sources */ = {isa = PBXBuildFile; fileRef = 843ECE892BAE02D300BA5908 /* CountdownView.swift */; };
		84CAB7A92BA0F8DC002350A9 /* TaskitoApp.swift in Sources */ = {isa = PBXBuildFile; fileRef = 84CAB7A82BA0F8DC002350A9 /* TaskitoApp.swift */; };
		84CAB7AB2BA0F8DC002350A9 /* ContentView.swift in Sources */ = {isa = PBXBuildFile; fileRef = 84CAB7AA2BA0F8DC002350A9 /* ContentView.swift */; };
		84CAB7AD2BA0F8DD002350A9 /* Assets.xcassets in Resources */ = {isa = PBXBuildFile; fileRef = 84CAB7AC2BA0F8DD002350A9 /* Assets.xcassets */; };
		84CAB7B02BA0F8DD002350A9 /* Preview Assets.xcassets in Resources */ = {isa = PBXBuildFile; fileRef = 84CAB7AF2BA0F8DD002350A9 /* Preview Assets.xcassets */; };
		84CAB7BB2BA0F8DE002350A9 /* TaskitoTests.swift in Sources */ = {isa = PBXBuildFile; fileRef = 84CAB7BA2BA0F8DE002350A9 /* TaskitoTests.swift */; };
		84CAB7C52BA0F8DE002350A9 /* TaskitoUITests.swift in Sources */ = {isa = PBXBuildFile; fileRef = 84CAB7C42BA0F8DE002350A9 /* TaskitoUITests.swift */; };
		84CAB7C72BA0F8DE002350A9 /* TaskitoUITestsLaunchTests.swift in Sources */ = {isa = PBXBuildFile; fileRef = 84CAB7C62BA0F8DE002350A9 /* TaskitoUITestsLaunchTests.swift */; };
		84F1B58D2BDDB8F10000EF8C /* MenuBarLabel.swift in Sources */ = {isa = PBXBuildFile; fileRef = 84F1B58C2BDDB8F10000EF8C /* MenuBarLabel.swift */; };
/* End PBXBuildFile section */

/* Begin PBXContainerItemProxy section */
		84CAB7B72BA0F8DE002350A9 /* PBXContainerItemProxy */ = {
			isa = PBXContainerItemProxy;
			containerPortal = 84CAB79D2BA0F8DC002350A9 /* Project object */;
			proxyType = 1;
			remoteGlobalIDString = 84CAB7A42BA0F8DC002350A9;
			remoteInfo = Taskito;
		};
		84CAB7C12BA0F8DE002350A9 /* PBXContainerItemProxy */ = {
			isa = PBXContainerItemProxy;
			containerPortal = 84CAB79D2BA0F8DC002350A9 /* Project object */;
			proxyType = 1;
			remoteGlobalIDString = 84CAB7A42BA0F8DC002350A9;
			remoteInfo = Taskito;
		};
/* End PBXContainerItemProxy section */

/* Begin PBXFileReference section */
		843ECE812BADBC9200BA5908 /* TimerPolicy.swift */ = {isa = PBXFileReference; lastKnownFileType = sourcecode.swift; path = TimerPolicy.swift; sourceTree = "<group>"; };
		843ECE832BADCF6300BA5908 /* FormView.swift */ = {isa = PBXFileReference; lastKnownFileType = sourcecode.swift; path = FormView.swift; sourceTree = "<group>"; };
		843ECE852BADCFED00BA5908 /* Countdown.swift */ = {isa = PBXFileReference; lastKnownFileType = sourcecode.swift; name = Countdown.swift; path = Taskito/Countdown.swift; sourceTree = SOURCE_ROOT; };
		843ECE892BAE02D300BA5908 /* CountdownView.swift */ = {isa = PBXFileReference; lastKnownFileType = sourcecode.swift; name = CountdownView.swift; path = Taskito/CountdownView.swift; sourceTree = SOURCE_ROOT; };
		84CAB7A52BA0F8DC002350A9 /* Taskito.app */ = {isa = PBXFileReference; explicitFileType = wrapper.application; includeInIndex = 0; path = Taskito.app; sourceTree = BUILT_PRODUCTS_DIR; };
		84CAB7A82BA0F8DC002350A9 /* TaskitoApp.swift */ = {isa = PBXFileReference; lastKnownFileType = sourcecode.swift; path = TaskitoApp.swift; sourceTree = "<group>"; };
		84CAB7AA2BA0F8DC002350A9 /* ContentView.swift */ = {isa = PBXFileReference; lastKnownFileType = sourcecode.swift; path = ContentView.swift; sourceTree = "<group>"; };
		84CAB7AC2BA0F8DD002350A9 /* Assets.xcassets */ = {isa = PBXFileReference; lastKnownFileType = folder.assetcatalog; path = Assets.xcassets; sourceTree = "<group>"; };
		84CAB7AF2BA0F8DD002350A9 /* Preview Assets.xcassets */ = {isa = PBXFileReference; lastKnownFileType = folder.assetcatalog; path = "Preview Assets.xcassets"; sourceTree = "<group>"; };
		84CAB7B12BA0F8DD002350A9 /* Taskito.entitlements */ = {isa = PBXFileReference; lastKnownFileType = text.plist.entitlements; path = Taskito.entitlements; sourceTree = "<group>"; };
		84CAB7B62BA0F8DE002350A9 /* TaskitoTests.xctest */ = {isa = PBXFileReference; explicitFileType = wrapper.cfbundle; includeInIndex = 0; path = TaskitoTests.xctest; sourceTree = BUILT_PRODUCTS_DIR; };
		84CAB7BA2BA0F8DE002350A9 /* TaskitoTests.swift */ = {isa = PBXFileReference; lastKnownFileType = sourcecode.swift; path = TaskitoTests.swift; sourceTree = "<group>"; };
		84CAB7C02BA0F8DE002350A9 /* TaskitoUITests.xctest */ = {isa = PBXFileReference; explicitFileType = wrapper.cfbundle; includeInIndex = 0; path = TaskitoUITests.xctest; sourceTree = BUILT_PRODUCTS_DIR; };
		84CAB7C42BA0F8DE002350A9 /* TaskitoUITests.swift */ = {isa = PBXFileReference; lastKnownFileType = sourcecode.swift; path = TaskitoUITests.swift; sourceTree = "<group>"; };
		84CAB7C62BA0F8DE002350A9 /* TaskitoUITestsLaunchTests.swift */ = {isa = PBXFileReference; lastKnownFileType = sourcecode.swift; path = TaskitoUITestsLaunchTests.swift; sourceTree = "<group>"; };
		84F1B58C2BDDB8F10000EF8C /* MenuBarLabel.swift */ = {isa = PBXFileReference; lastKnownFileType = sourcecode.swift; name = MenuBarLabel.swift; path = Taskito/Views/MenuBarLabel.swift; sourceTree = SOURCE_ROOT; };
/* End PBXFileReference section */

/* Begin PBXFrameworksBuildPhase section */
		84CAB7A22BA0F8DC002350A9 /* Frameworks */ = {
			isa = PBXFrameworksBuildPhase;
			buildActionMask = 2147483647;
			files = (
			);
			runOnlyForDeploymentPostprocessing = 0;
		};
		84CAB7B32BA0F8DE002350A9 /* Frameworks */ = {
			isa = PBXFrameworksBuildPhase;
			buildActionMask = 2147483647;
			files = (
			);
			runOnlyForDeploymentPostprocessing = 0;
		};
		84CAB7BD2BA0F8DE002350A9 /* Frameworks */ = {
			isa = PBXFrameworksBuildPhase;
			buildActionMask = 2147483647;
			files = (
			);
			runOnlyForDeploymentPostprocessing = 0;
		};
/* End PBXFrameworksBuildPhase section */

/* Begin PBXGroup section */
		843ECE802BADBB5E00BA5908 /* Models */ = {
			isa = PBXGroup;
			children = (
				843ECE852BADCFED00BA5908 /* Countdown.swift */,
				843ECE812BADBC9200BA5908 /* TimerPolicy.swift */,
			);
			path = Models;
			sourceTree = "<group>";
		};
		843ECE872BADD48D00BA5908 /* Views */ = {
			isa = PBXGroup;
			children = (
				84F1B58C2BDDB8F10000EF8C /* MenuBarLabel.swift */,
				843ECE892BAE02D300BA5908 /* CountdownView.swift */,
				843ECE832BADCF6300BA5908 /* FormView.swift */,
			);
			path = Views;
			sourceTree = "<group>";
		};
		84CAB79C2BA0F8DC002350A9 = {
			isa = PBXGroup;
			children = (
				84CAB7A72BA0F8DC002350A9 /* Taskito */,
				84CAB7B92BA0F8DE002350A9 /* TaskitoTests */,
				84CAB7C32BA0F8DE002350A9 /* TaskitoUITests */,
				84CAB7A62BA0F8DC002350A9 /* Products */,
			);
			sourceTree = "<group>";
		};
		84CAB7A62BA0F8DC002350A9 /* Products */ = {
			isa = PBXGroup;
			children = (
				84CAB7A52BA0F8DC002350A9 /* Taskito.app */,
				84CAB7B62BA0F8DE002350A9 /* TaskitoTests.xctest */,
				84CAB7C02BA0F8DE002350A9 /* TaskitoUITests.xctest */,
			);
			name = Products;
			sourceTree = "<group>";
		};
		84CAB7A72BA0F8DC002350A9 /* Taskito */ = {
			isa = PBXGroup;
			children = (
				843ECE872BADD48D00BA5908 /* Views */,
				843ECE802BADBB5E00BA5908 /* Models */,
				84CAB7A82BA0F8DC002350A9 /* TaskitoApp.swift */,
				84CAB7AA2BA0F8DC002350A9 /* ContentView.swift */,
				84CAB7AC2BA0F8DD002350A9 /* Assets.xcassets */,
				84CAB7B12BA0F8DD002350A9 /* Taskito.entitlements */,
				84CAB7AE2BA0F8DD002350A9 /* Preview Content */,
			);
			path = Taskito;
			sourceTree = "<group>";
		};
		84CAB7AE2BA0F8DD002350A9 /* Preview Content */ = {
			isa = PBXGroup;
			children = (
				84CAB7AF2BA0F8DD002350A9 /* Preview Assets.xcassets */,
			);
			path = "Preview Content";
			sourceTree = "<group>";
		};
		84CAB7B92BA0F8DE002350A9 /* TaskitoTests */ = {
			isa = PBXGroup;
			children = (
				84CAB7BA2BA0F8DE002350A9 /* TaskitoTests.swift */,
			);
			path = TaskitoTests;
			sourceTree = "<group>";
		};
		84CAB7C32BA0F8DE002350A9 /* TaskitoUITests */ = {
			isa = PBXGroup;
			children = (
				84CAB7C42BA0F8DE002350A9 /* TaskitoUITests.swift */,
				84CAB7C62BA0F8DE002350A9 /* TaskitoUITestsLaunchTests.swift */,
			);
			path = TaskitoUITests;
			sourceTree = "<group>";
		};
/* End PBXGroup section */

/* Begin PBXNativeTarget section */
		84CAB7A42BA0F8DC002350A9 /* Taskito */ = {
			isa = PBXNativeTarget;
			buildConfigurationList = 84CAB7CA2BA0F8DE002350A9 /* Build configuration list for PBXNativeTarget "Taskito" */;
			buildPhases = (
				84CAB7A12BA0F8DC002350A9 /* Sources */,
				84CAB7A22BA0F8DC002350A9 /* Frameworks */,
				84CAB7A32BA0F8DC002350A9 /* Resources */,
			);
			buildRules = (
			);
			dependencies = (
			);
			name = Taskito;
			productName = Taskito;
			productReference = 84CAB7A52BA0F8DC002350A9 /* Taskito.app */;
			productType = "com.apple.product-type.application";
		};
		84CAB7B52BA0F8DE002350A9 /* TaskitoTests */ = {
			isa = PBXNativeTarget;
			buildConfigurationList = 84CAB7CD2BA0F8DE002350A9 /* Build configuration list for PBXNativeTarget "TaskitoTests" */;
			buildPhases = (
				84CAB7B22BA0F8DE002350A9 /* Sources */,
				84CAB7B32BA0F8DE002350A9 /* Frameworks */,
				84CAB7B42BA0F8DE002350A9 /* Resources */,
			);
			buildRules = (
			);
			dependencies = (
				84CAB7B82BA0F8DE002350A9 /* PBXTargetDependency */,
			);
			name = TaskitoTests;
			productName = TaskitoTests;
			productReference = 84CAB7B62BA0F8DE002350A9 /* TaskitoTests.xctest */;
			productType = "com.apple.product-type.bundle.unit-test";
		};
		84CAB7BF2BA0F8DE002350A9 /* TaskitoUITests */ = {
			isa = PBXNativeTarget;
			buildConfigurationList = 84CAB7D02BA0F8DE002350A9 /* Build configuration list for PBXNativeTarget "TaskitoUITests" */;
			buildPhases = (
				84CAB7BC2BA0F8DE002350A9 /* Sources */,
				84CAB7BD2BA0F8DE002350A9 /* Frameworks */,
				84CAB7BE2BA0F8DE002350A9 /* Resources */,
			);
			buildRules = (
			);
			dependencies = (
				84CAB7C22BA0F8DE002350A9 /* PBXTargetDependency */,
			);
			name = TaskitoUITests;
			productName = TaskitoUITests;
			productReference = 84CAB7C02BA0F8DE002350A9 /* TaskitoUITests.xctest */;
			productType = "com.apple.product-type.bundle.ui-testing";
		};
/* End PBXNativeTarget section */

/* Begin PBXProject section */
		84CAB79D2BA0F8DC002350A9 /* Project object */ = {
			isa = PBXProject;
			attributes = {
				BuildIndependentTargetsInParallel = 1;
				LastSwiftUpdateCheck = 1530;
				LastUpgradeCheck = 1530;
				TargetAttributes = {
					84CAB7A42BA0F8DC002350A9 = {
						CreatedOnToolsVersion = 15.3;
					};
					84CAB7B52BA0F8DE002350A9 = {
						CreatedOnToolsVersion = 15.3;
						TestTargetID = 84CAB7A42BA0F8DC002350A9;
					};
					84CAB7BF2BA0F8DE002350A9 = {
						CreatedOnToolsVersion = 15.3;
						TestTargetID = 84CAB7A42BA0F8DC002350A9;
					};
				};
			};
			buildConfigurationList = 84CAB7A02BA0F8DC002350A9 /* Build configuration list for PBXProject "Taskito" */;
			compatibilityVersion = "Xcode 14.0";
			developmentRegion = en;
			hasScannedForEncodings = 0;
			knownRegions = (
				en,
				Base,
			);
			mainGroup = 84CAB79C2BA0F8DC002350A9;
			productRefGroup = 84CAB7A62BA0F8DC002350A9 /* Products */;
			projectDirPath = "";
			projectRoot = "";
			targets = (
				84CAB7A42BA0F8DC002350A9 /* Taskito */,
				84CAB7B52BA0F8DE002350A9 /* TaskitoTests */,
				84CAB7BF2BA0F8DE002350A9 /* TaskitoUITests */,
			);
		};
/* End PBXProject section */

/* Begin PBXResourcesBuildPhase section */
		84CAB7A32BA0F8DC002350A9 /* Resources */ = {
			isa = PBXResourcesBuildPhase;
			buildActionMask = 2147483647;
			files = (
				84CAB7B02BA0F8DD002350A9 /* Preview Assets.xcassets in Resources */,
				84CAB7AD2BA0F8DD002350A9 /* Assets.xcassets in Resources */,
			);
			runOnlyForDeploymentPostprocessing = 0;
		};
		84CAB7B42BA0F8DE002350A9 /* Resources */ = {
			isa = PBXResourcesBuildPhase;
			buildActionMask = 2147483647;
			files = (
			);
			runOnlyForDeploymentPostprocessing = 0;
		};
		84CAB7BE2BA0F8DE002350A9 /* Resources */ = {
			isa = PBXResourcesBuildPhase;
			buildActionMask = 2147483647;
			files = (
			);
			runOnlyForDeploymentPostprocessing = 0;
		};
/* End PBXResourcesBuildPhase section */

/* Begin PBXSourcesBuildPhase section */
		84CAB7A12BA0F8DC002350A9 /* Sources */ = {
			isa = PBXSourcesBuildPhase;
			buildActionMask = 2147483647;
			files = (
				843ECE8A2BAE02D300BA5908 /* CountdownView.swift in Sources */,
				84CAB7AB2BA0F8DC002350A9 /* ContentView.swift in Sources */,
				843ECE842BADCF6300BA5908 /* FormView.swift in Sources */,
				843ECE822BADBC9200BA5908 /* TimerPolicy.swift in Sources */,
				84CAB7A92BA0F8DC002350A9 /* TaskitoApp.swift in Sources */,
				84F1B58D2BDDB8F10000EF8C /* MenuBarLabel.swift in Sources */,
				843ECE862BADCFED00BA5908 /* Countdown.swift in Sources */,
			);
			runOnlyForDeploymentPostprocessing = 0;
		};
		84CAB7B22BA0F8DE002350A9 /* Sources */ = {
			isa = PBXSourcesBuildPhase;
			buildActionMask = 2147483647;
			files = (
				84CAB7BB2BA0F8DE002350A9 /* TaskitoTests.swift in Sources */,
			);
			runOnlyForDeploymentPostprocessing = 0;
		};
		84CAB7BC2BA0F8DE002350A9 /* Sources */ = {
			isa = PBXSourcesBuildPhase;
			buildActionMask = 2147483647;
			files = (
				84CAB7C72BA0F8DE002350A9 /* TaskitoUITestsLaunchTests.swift in Sources */,
				84CAB7C52BA0F8DE002350A9 /* TaskitoUITests.swift in Sources */,
			);
			runOnlyForDeploymentPostprocessing = 0;
		};
/* End PBXSourcesBuildPhase section */

/* Begin PBXTargetDependency section */
		84CAB7B82BA0F8DE002350A9 /* PBXTargetDependency */ = {
			isa = PBXTargetDependency;
			target = 84CAB7A42BA0F8DC002350A9 /* Taskito */;
			targetProxy = 84CAB7B72BA0F8DE002350A9 /* PBXContainerItemProxy */;
		};
		84CAB7C22BA0F8DE002350A9 /* PBXTargetDependency */ = {
			isa = PBXTargetDependency;
			target = 84CAB7A42BA0F8DC002350A9 /* Taskito */;
			targetProxy = 84CAB7C12BA0F8DE002350A9 /* PBXContainerItemProxy */;
		};
/* End PBXTargetDependency section */

/* Begin XCBuildConfiguration section */
		84CAB7C82BA0F8DE002350A9 /* Debug */ = {
			isa = XCBuildConfiguration;
			buildSettings = {
				ALWAYS_SEARCH_USER_PATHS = NO;
				ASSETCATALOG_COMPILER_GENERATE_SWIFT_ASSET_SYMBOL_EXTENSIONS = YES;
				CLANG_ANALYZER_NONNULL = YES;
				CLANG_ANALYZER_NUMBER_OBJECT_CONVERSION = YES_AGGRESSIVE;
				CLANG_CXX_LANGUAGE_STANDARD = "gnu++20";
				CLANG_ENABLE_MODULES = YES;
				CLANG_ENABLE_OBJC_ARC = YES;
				CLANG_ENABLE_OBJC_WEAK = YES;
				CLANG_WARN_BLOCK_CAPTURE_AUTORELEASING = YES;
				CLANG_WARN_BOOL_CONVERSION = YES;
				CLANG_WARN_COMMA = YES;
				CLANG_WARN_CONSTANT_CONVERSION = YES;
				CLANG_WARN_DEPRECATED_OBJC_IMPLEMENTATIONS = YES;
				CLANG_WARN_DIRECT_OBJC_ISA_USAGE = YES_ERROR;
				CLANG_WARN_DOCUMENTATION_COMMENTS = YES;
				CLANG_WARN_EMPTY_BODY = YES;
				CLANG_WARN_ENUM_CONVERSION = YES;
				CLANG_WARN_INFINITE_RECURSION = YES;
				CLANG_WARN_INT_CONVERSION = YES;
				CLANG_WARN_NON_LITERAL_NULL_CONVERSION = YES;
				CLANG_WARN_OBJC_IMPLICIT_RETAIN_SELF = YES;
				CLANG_WARN_OBJC_LITERAL_CONVERSION = YES;
				CLANG_WARN_OBJC_ROOT_CLASS = YES_ERROR;
				CLANG_WARN_QUOTED_INCLUDE_IN_FRAMEWORK_HEADER = YES;
				CLANG_WARN_RANGE_LOOP_ANALYSIS = YES;
				CLANG_WARN_STRICT_PROTOTYPES = YES;
				CLANG_WARN_SUSPICIOUS_MOVE = YES;
				CLANG_WARN_UNGUARDED_AVAILABILITY = YES_AGGRESSIVE;
				CLANG_WARN_UNREACHABLE_CODE = YES;
				CLANG_WARN__DUPLICATE_METHOD_MATCH = YES;
				COPY_PHASE_STRIP = NO;
				DEBUG_INFORMATION_FORMAT = dwarf;
				ENABLE_STRICT_OBJC_MSGSEND = YES;
				ENABLE_TESTABILITY = YES;
				ENABLE_USER_SCRIPT_SANDBOXING = YES;
				GCC_C_LANGUAGE_STANDARD = gnu17;
				GCC_DYNAMIC_NO_PIC = NO;
				GCC_NO_COMMON_BLOCKS = YES;
				GCC_OPTIMIZATION_LEVEL = 0;
				GCC_PREPROCESSOR_DEFINITIONS = (
					"DEBUG=1",
					"$(inherited)",
				);
				GCC_WARN_64_TO_32_BIT_CONVERSION = YES;
				GCC_WARN_ABOUT_RETURN_TYPE = YES_ERROR;
				GCC_WARN_UNDECLARED_SELECTOR = YES;
				GCC_WARN_UNINITIALIZED_AUTOS = YES_AGGRESSIVE;
				GCC_WARN_UNUSED_FUNCTION = YES;
				GCC_WARN_UNUSED_VARIABLE = YES;
				LOCALIZATION_PREFERS_STRING_CATALOGS = YES;
				MACOSX_DEPLOYMENT_TARGET = 14.2;
				MTL_ENABLE_DEBUG_INFO = INCLUDE_SOURCE;
				MTL_FAST_MATH = YES;
				ONLY_ACTIVE_ARCH = YES;
				SDKROOT = macosx;
				SWIFT_ACTIVE_COMPILATION_CONDITIONS = "DEBUG $(inherited)";
				SWIFT_OPTIMIZATION_LEVEL = "-Onone";
			};
			name = Debug;
		};
		84CAB7C92BA0F8DE002350A9 /* Release */ = {
			isa = XCBuildConfiguration;
			buildSettings = {
				ALWAYS_SEARCH_USER_PATHS = NO;
				ASSETCATALOG_COMPILER_GENERATE_SWIFT_ASSET_SYMBOL_EXTENSIONS = YES;
				CLANG_ANALYZER_NONNULL = YES;
				CLANG_ANALYZER_NUMBER_OBJECT_CONVERSION = YES_AGGRESSIVE;
				CLANG_CXX_LANGUAGE_STANDARD = "gnu++20";
				CLANG_ENABLE_MODULES = YES;
				CLANG_ENABLE_OBJC_ARC = YES;
				CLANG_ENABLE_OBJC_WEAK = YES;
				CLANG_WARN_BLOCK_CAPTURE_AUTORELEASING = YES;
				CLANG_WARN_BOOL_CONVERSION = YES;
				CLANG_WARN_COMMA = YES;
				CLANG_WARN_CONSTANT_CONVERSION = YES;
				CLANG_WARN_DEPRECATED_OBJC_IMPLEMENTATIONS = YES;
				CLANG_WARN_DIRECT_OBJC_ISA_USAGE = YES_ERROR;
				CLANG_WARN_DOCUMENTATION_COMMENTS = YES;
				CLANG_WARN_EMPTY_BODY = YES;
				CLANG_WARN_ENUM_CONVERSION = YES;
				CLANG_WARN_INFINITE_RECURSION = YES;
				CLANG_WARN_INT_CONVERSION = YES;
				CLANG_WARN_NON_LITERAL_NULL_CONVERSION = YES;
				CLANG_WARN_OBJC_IMPLICIT_RETAIN_SELF = YES;
				CLANG_WARN_OBJC_LITERAL_CONVERSION = YES;
				CLANG_WARN_OBJC_ROOT_CLASS = YES_ERROR;
				CLANG_WARN_QUOTED_INCLUDE_IN_FRAMEWORK_HEADER = YES;
				CLANG_WARN_RANGE_LOOP_ANALYSIS = YES;
				CLANG_WARN_STRICT_PROTOTYPES = YES;
				CLANG_WARN_SUSPICIOUS_MOVE = YES;
				CLANG_WARN_UNGUARDED_AVAILABILITY = YES_AGGRESSIVE;
				CLANG_WARN_UNREACHABLE_CODE = YES;
				CLANG_WARN__DUPLICATE_METHOD_MATCH = YES;
				COPY_PHASE_STRIP = NO;
				DEBUG_INFORMATION_FORMAT = "dwarf-with-dsym";
				ENABLE_NS_ASSERTIONS = NO;
				ENABLE_STRICT_OBJC_MSGSEND = YES;
				ENABLE_USER_SCRIPT_SANDBOXING = YES;
				GCC_C_LANGUAGE_STANDARD = gnu17;
				GCC_NO_COMMON_BLOCKS = YES;
				GCC_WARN_64_TO_32_BIT_CONVERSION = YES;
				GCC_WARN_ABOUT_RETURN_TYPE = YES_ERROR;
				GCC_WARN_UNDECLARED_SELECTOR = YES;
				GCC_WARN_UNINITIALIZED_AUTOS = YES_AGGRESSIVE;
				GCC_WARN_UNUSED_FUNCTION = YES;
				GCC_WARN_UNUSED_VARIABLE = YES;
				LOCALIZATION_PREFERS_STRING_CATALOGS = YES;
				MACOSX_DEPLOYMENT_TARGET = 14.2;
				MTL_ENABLE_DEBUG_INFO = NO;
				MTL_FAST_MATH = YES;
				SDKROOT = macosx;
				SWIFT_COMPILATION_MODE = wholemodule;
			};
			name = Release;
		};
		84CAB7CB2BA0F8DE002350A9 /* Debug */ = {
			isa = XCBuildConfiguration;
			buildSettings = {
				ASSETCATALOG_COMPILER_APPICON_NAME = AppIcon;
				ASSETCATALOG_COMPILER_GLOBAL_ACCENT_COLOR_NAME = AccentColor;
				CODE_SIGN_ENTITLEMENTS = Taskito/Taskito.entitlements;
				"CODE_SIGN_IDENTITY[sdk=macosx*]" = "Apple Development";
				CODE_SIGN_STYLE = Automatic;
				COMBINE_HIDPI_IMAGES = YES;
				CURRENT_PROJECT_VERSION = 1;
				DEVELOPMENT_ASSET_PATHS = "\"Taskito/Preview Content\"";
				DEVELOPMENT_TEAM = C8XVWKX4YN;
				ENABLE_PREVIEWS = YES;
				GENERATE_INFOPLIST_FILE = YES;
				INFOPLIST_KEY_LSUIElement = YES;
				INFOPLIST_KEY_NSHumanReadableCopyright = "";
				LD_RUNPATH_SEARCH_PATHS = (
					"$(inherited)",
					"@executable_path/../Frameworks",
				);
				MARKETING_VERSION = 1.0;
				PRODUCT_BUNDLE_IDENTIFIER = dev.libekonst.Taskito;
				PRODUCT_NAME = "$(TARGET_NAME)";
				SWIFT_EMIT_LOC_STRINGS = YES;
				SWIFT_VERSION = 5.0;
			};
			name = Debug;
		};
		84CAB7CC2BA0F8DE002350A9 /* Release */ = {
			isa = XCBuildConfiguration;
			buildSettings = {
				ASSETCATALOG_COMPILER_APPICON_NAME = AppIcon;
				ASSETCATALOG_COMPILER_GLOBAL_ACCENT_COLOR_NAME = AccentColor;
				CODE_SIGN_ENTITLEMENTS = Taskito/Taskito.entitlements;
				"CODE_SIGN_IDENTITY[sdk=macosx*]" = "Apple Development";
				CODE_SIGN_STYLE = Automatic;
				COMBINE_HIDPI_IMAGES = YES;
				CURRENT_PROJECT_VERSION = 1;
				DEVELOPMENT_ASSET_PATHS = "\"Taskito/Preview Content\"";
				DEVELOPMENT_TEAM = C8XVWKX4YN;
				ENABLE_PREVIEWS = YES;
				GENERATE_INFOPLIST_FILE = YES;
				INFOPLIST_KEY_LSUIElement = YES;
				INFOPLIST_KEY_NSHumanReadableCopyright = "";
				LD_RUNPATH_SEARCH_PATHS = (
					"$(inherited)",
					"@executable_path/../Frameworks",
				);
				MARKETING_VERSION = 1.0;
				PRODUCT_BUNDLE_IDENTIFIER = dev.libekonst.Taskito;
				PRODUCT_NAME = "$(TARGET_NAME)";
				SWIFT_EMIT_LOC_STRINGS = YES;
				SWIFT_VERSION = 5.0;
			};
			name = Release;
		};
		84CAB7CE2BA0F8DE002350A9 /* Debug */ = {
			isa = XCBuildConfiguration;
			buildSettings = {
				ALWAYS_EMBED_SWIFT_STANDARD_LIBRARIES = YES;
				BUNDLE_LOADER = "$(TEST_HOST)";
				CODE_SIGN_STYLE = Automatic;
				CURRENT_PROJECT_VERSION = 1;
				GENERATE_INFOPLIST_FILE = YES;
				MACOSX_DEPLOYMENT_TARGET = 14.2;
				MARKETING_VERSION = 1.0;
				PRODUCT_BUNDLE_IDENTIFIER = dev.libekonst.TaskitoTests;
				PRODUCT_NAME = "$(TARGET_NAME)";
				SWIFT_EMIT_LOC_STRINGS = NO;
				SWIFT_VERSION = 5.0;
				TEST_HOST = "$(BUILT_PRODUCTS_DIR)/Taskito.app/$(BUNDLE_EXECUTABLE_FOLDER_PATH)/Taskito";
			};
			name = Debug;
		};
		84CAB7CF2BA0F8DE002350A9 /* Release */ = {
			isa = XCBuildConfiguration;
			buildSettings = {
				ALWAYS_EMBED_SWIFT_STANDARD_LIBRARIES = YES;
				BUNDLE_LOADER = "$(TEST_HOST)";
				CODE_SIGN_STYLE = Automatic;
				CURRENT_PROJECT_VERSION = 1;
				GENERATE_INFOPLIST_FILE = YES;
				MACOSX_DEPLOYMENT_TARGET = 14.2;
				MARKETING_VERSION = 1.0;
				PRODUCT_BUNDLE_IDENTIFIER = dev.libekonst.TaskitoTests;
				PRODUCT_NAME = "$(TARGET_NAME)";
				SWIFT_EMIT_LOC_STRINGS = NO;
				SWIFT_VERSION = 5.0;
				TEST_HOST = "$(BUILT_PRODUCTS_DIR)/Taskito.app/$(BUNDLE_EXECUTABLE_FOLDER_PATH)/Taskito";
			};
			name = Release;
		};
		84CAB7D12BA0F8DE002350A9 /* Debug */ = {
			isa = XCBuildConfiguration;
			buildSettings = {
				ALWAYS_EMBED_SWIFT_STANDARD_LIBRARIES = YES;
				CODE_SIGN_STYLE = Automatic;
				CURRENT_PROJECT_VERSION = 1;
				GENERATE_INFOPLIST_FILE = YES;
				MARKETING_VERSION = 1.0;
				PRODUCT_BUNDLE_IDENTIFIER = dev.libekonst.TaskitoUITests;
				PRODUCT_NAME = "$(TARGET_NAME)";
				SWIFT_EMIT_LOC_STRINGS = NO;
				SWIFT_VERSION = 5.0;
				TEST_TARGET_NAME = Taskito;
			};
			name = Debug;
		};
		84CAB7D22BA0F8DE002350A9 /* Release */ = {
			isa = XCBuildConfiguration;
			buildSettings = {
				ALWAYS_EMBED_SWIFT_STANDARD_LIBRARIES = YES;
				CODE_SIGN_STYLE = Automatic;
				CURRENT_PROJECT_VERSION = 1;
				GENERATE_INFOPLIST_FILE = YES;
				MARKETING_VERSION = 1.0;
				PRODUCT_BUNDLE_IDENTIFIER = dev.libekonst.TaskitoUITests;
				PRODUCT_NAME = "$(TARGET_NAME)";
				SWIFT_EMIT_LOC_STRINGS = NO;
				SWIFT_VERSION = 5.0;
				TEST_TARGET_NAME = Taskito;
			};
			name = Release;
		};
/* End XCBuildConfiguration section */

/* Begin XCConfigurationList section */
		84CAB7A02BA0F8DC002350A9 /* Build configuration list for PBXProject "Taskito" */ = {
			isa = XCConfigurationList;
			buildConfigurations = (
				84CAB7C82BA0F8DE002350A9 /* Debug */,
				84CAB7C92BA0F8DE002350A9 /* Release */,
			);
			defaultConfigurationIsVisible = 0;
			defaultConfigurationName = Release;
		};
		84CAB7CA2BA0F8DE002350A9 /* Build configuration list for PBXNativeTarget "Taskito" */ = {
			isa = XCConfigurationList;
			buildConfigurations = (
				84CAB7CB2BA0F8DE002350A9 /* Debug */,
				84CAB7CC2BA0F8DE002350A9 /* Release */,
			);
			defaultConfigurationIsVisible = 0;
			defaultConfigurationName = Release;
		};
		84CAB7CD2BA0F8DE002350A9 /* Build configuration list for PBXNativeTarget "TaskitoTests" */ = {
			isa = XCConfigurationList;
			buildConfigurations = (
				84CAB7CE2BA0F8DE002350A9 /* Debug */,
				84CAB7CF2BA0F8DE002350A9 /* Release */,
			);
			defaultConfigurationIsVisible = 0;
			defaultConfigurationName = Release;
		};
		84CAB7D02BA0F8DE002350A9 /* Build configuration list for PBXNativeTarget "TaskitoUITests" */ = {
			isa = XCConfigurationList;
			buildConfigurations = (
				84CAB7D12BA0F8DE002350A9 /* Debug */,
				84CAB7D22BA0F8DE002350A9 /* Release */,
			);
			defaultConfigurationIsVisible = 0;
			defaultConfigurationName = Release;
		};
/* End XCConfigurationList section */
	};
	rootObject = 84CAB79D2BA0F8DC002350A9 /* Project object */;
}
